
Microsoft Visual Studio Solution File, Format Version 12.00
Project("{FAE04EC0-301F-11D3-BF4B-00C04F79EFBC}") = "tic_tac_toe", "tic_tac_toe\tic_tac_toe.csproj", "{8AD3557F-FB53-478A-A5DB-65C885DAE14A}"
EndProject
Global
	GlobalSection(SolutionConfigurationPlatforms) = preSolution
		Debug|Any CPU = Debug|Any CPU
		Release|Any CPU = Release|Any CPU
	EndGlobalSection
	GlobalSection(ProjectConfigurationPlatforms) = postSolution
		{8AD3557F-FB53-478A-A5DB-65C885DAE14A}.Debug|Any CPU.ActiveCfg = Debug|Any CPU
		{8AD3557F-FB53-478A-A5DB-65C885DAE14A}.Debug|Any CPU.Build.0 = Debug|Any CPU
		{8AD3557F-FB53-478A-A5DB-65C885DAE14A}.Release|Any CPU.ActiveCfg = Release|Any CPU
		{8AD3557F-FB53-478A-A5DB-65C885DAE14A}.Release|Any CPU.Build.0 = Release|Any CPU
	EndGlobalSection
EndGlobal
